
Microsoft Visual Studio Solution File, Format Version 12.00
# Visual Studio Version 17
VisualStudioVersion = 17.4.33213.308
MinimumVisualStudioVersion = 10.0.40219.1
Project("{FAE04EC0-301F-11D3-BF4B-00C04F79EFBC}") = "ApplitAPI", "ApplitAPI\ApplitAPI.csproj", "{36789EB9-BB88-4DF2-8EB2-E28145102379}"
EndProject
Global
	GlobalSection(SolutionConfigurationPlatforms) = preSolution
		Debug|Any CPU = Debug|Any CPU
		Release|Any CPU = Release|Any CPU
	EndGlobalSection
	GlobalSection(ProjectConfigurationPlatforms) = postSolution
		{36789EB9-BB88-4DF2-8EB2-E28145102379}.Debug|Any CPU.ActiveCfg = Debug|Any CPU
		{36789EB9-BB88-4DF2-8EB2-E28145102379}.Debug|Any CPU.Build.0 = Debug|Any CPU
		{36789EB9-BB88-4DF2-8EB2-E28145102379}.Release|Any CPU.ActiveCfg = Release|Any CPU
		{36789EB9-BB88-4DF2-8EB2-E28145102379}.Release|Any CPU.Build.0 = Release|Any CPU
	EndGlobalSection
	GlobalSection(SolutionProperties) = preSolution
		HideSolutionNode = FALSE
	EndGlobalSection
	GlobalSection(ExtensibilityGlobals) = postSolution
		SolutionGuid = {FC0D3138-A1D3-4DF8-AA03-0574BBC06C6D}
	EndGlobalSection
EndGlobal
